
Microsoft Visual Studio Solution File, Format Version 12.00
# Visual Studio Version 16
VisualStudioVersion = 16.0.30503.244
MinimumVisualStudioVersion = 10.0.40219.1
Project("{FAE04EC0-301F-11D3-BF4B-00C04F79EFBC}") = "Course", "Course.csproj", "{8BDA0994-2730-4E19-A1BC-678152CAABE5}"
EndProject
Global
	GlobalSection(SolutionConfigurationPlatforms) = preSolution
		Debug|Any CPU = Debug|Any CPU
		Release|Any CPU = Release|Any CPU
	EndGlobalSection
	GlobalSection(ProjectConfigurationPlatforms) = postSolution
		{8BDA0994-2730-4E19-A1BC-678152CAABE5}.Debug|Any CPU.ActiveCfg = Debug|Any CPU
		{8BDA0994-2730-4E19-A1BC-678152CAABE5}.Debug|Any CPU.Build.0 = Debug|Any CPU
		{8BDA0994-2730-4E19-A1BC-678152CAABE5}.Release|Any CPU.ActiveCfg = Release|Any CPU
		{8BDA0994-2730-4E19-A1BC-678152CAABE5}.Release|Any CPU.Build.0 = Release|Any CPU
	EndGlobalSection
	GlobalSection(SolutionProperties) = preSolution
		HideSolutionNode = FALSE
	EndGlobalSection
	GlobalSection(ExtensibilityGlobals) = postSolution
		SolutionGuid = {7AECAF2E-EA8F-49CD-8266-36D8FD29A4EC}
	EndGlobalSection
EndGlobal
